
Microsoft Visual Studio Solution File, Format Version 12.00
# Visual Studio Version 17
VisualStudioVersion = 17.1.32414.318
MinimumVisualStudioVersion = 10.0.40219.1
Project("{FAE04EC0-301F-11D3-BF4B-00C04F79EFBC}") = "Compare-addscope-addtransient.Console", "Compare-addscope-addtransient.Console\Compare-addscope-addtransient.Console.csproj", "{C0E4AB1C-7DFA-42B4-B607-2B7D5853B7F3}"
EndProject
Project("{FAE04EC0-301F-11D3-BF4B-00C04F79EFBC}") = "Compare-addscope-addtransient.API", "Compare-addscope-addtransient.API\Compare-addscope-addtransient.API.csproj", "{E815E5FA-9345-4A35-8BD5-BC4356F379D7}"
EndProject
Global
	GlobalSection(SolutionConfigurationPlatforms) = preSolution
		Debug|Any CPU = Debug|Any CPU
		Release|Any CPU = Release|Any CPU
	EndGlobalSection
	GlobalSection(ProjectConfigurationPlatforms) = postSolution
		{C0E4AB1C-7DFA-42B4-B607-2B7D5853B7F3}.Debug|Any CPU.ActiveCfg = Debug|Any CPU
		{C0E4AB1C-7DFA-42B4-B607-2B7D5853B7F3}.Debug|Any CPU.Build.0 = Debug|Any CPU
		{C0E4AB1C-7DFA-42B4-B607-2B7D5853B7F3}.Release|Any CPU.ActiveCfg = Release|Any CPU
		{C0E4AB1C-7DFA-42B4-B607-2B7D5853B7F3}.Release|Any CPU.Build.0 = Release|Any CPU
		{E815E5FA-9345-4A35-8BD5-BC4356F379D7}.Debug|Any CPU.ActiveCfg = Debug|Any CPU
		{E815E5FA-9345-4A35-8BD5-BC4356F379D7}.Debug|Any CPU.Build.0 = Debug|Any CPU
		{E815E5FA-9345-4A35-8BD5-BC4356F379D7}.Release|Any CPU.ActiveCfg = Release|Any CPU
		{E815E5FA-9345-4A35-8BD5-BC4356F379D7}.Release|Any CPU.Build.0 = Release|Any CPU
	EndGlobalSection
	GlobalSection(SolutionProperties) = preSolution
		HideSolutionNode = FALSE
	EndGlobalSection
	GlobalSection(ExtensibilityGlobals) = postSolution
		SolutionGuid = {6FA82993-948E-4742-AC92-D8C400F1F613}
	EndGlobalSection
EndGlobal
